<?xml version="1.0" encoding="utf-8"?>
<Project ToolsVersion="4.0" xmlns="http://schemas.microsoft.com/developer/msbuild/2003">
  <ItemGroup>
    <Filter Include="源文件">
      <UniqueIdentifier>{4FC737F1-C7A5-4376-A066-2A32D752A2FF}</UniqueIdentifier>
      <Extensions>cpp;c;cc;cxx;def;odl;idl;hpj;bat;asm;asmx</Extensions>
    </Filter>
    <Filter Include="头文件">
      <UniqueIdentifier>{93995380-89BD-4b04-88EB-625FBE52EBFB}</UniqueIdentifier>
      <Extensions>h;hh;hpp;hxx;hm;inl;inc;xsd</Extensions>
    </Filter>
    <Filter Include="资源文件">
      <UniqueIdentifier>{67DA6AB6-F800-4c08-8B7A-83BB121AAD01}</UniqueIdentifier>
      <Extensions>rc;ico;cur;bmp;dlg;rc2;rct;bin;rgs;gif;jpg;jpeg;jpe;resx;tiff;tif;png;wav;mfcribbon-ms</Extensions>
    </Filter>
    <Filter Include="头文件\Reactor">
      <UniqueIdentifier>{f421be75-46d3-439b-9bc7-3c32ab369f15}</UniqueIdentifier>
    </Filter>
    <Filter Include="头文件\Log">
      <UniqueIdentifier>{1eafb870-b0c0-4053-bd14-aa5c84f5b798}</UniqueIdentifier>
    </Filter>
    <Filter Include="头文件\Utils">
      <UniqueIdentifier>{ecc1da66-db62-448f-a4bd-13aa5fd4301b}</UniqueIdentifier>
    </Filter>
    <Filter Include="源文件\Reactor">
      <UniqueIdentifier>{a29af851-7610-4dd8-b395-2cb9a65cf1d8}</UniqueIdentifier>
    </Filter>
    <Filter Include="源文件\Log">
      <UniqueIdentifier>{72fc1e40-0068-417a-b16c-08c2b966ad8e}</UniqueIdentifier>
    </Filter>
    <Filter Include="源文件\Server">
      <UniqueIdentifier>{6a022925-787a-497f-8159-a95b4d8fd67e}</UniqueIdentifier>
    </Filter>
    <Filter Include="源文件\Utils">
      <UniqueIdentifier>{79d00cc4-b303-4e6c-9c01-23e906f4d7c2}</UniqueIdentifier>
    </Filter>
    <Filter Include="源文件\Thread">
      <UniqueIdentifier>{180874a6-8d4e-4199-8f98-f05d3d89133d}</UniqueIdentifier>
    </Filter>
    <Filter Include="头文件\Server">
      <UniqueIdentifier>{21efb6f2-4e90-4ca9-b809-bd3b9de05451}</UniqueIdentifier>
    </Filter>
    <Filter Include="头文件\Thread">
      <UniqueIdentifier>{e640ae57-b723-42e1-8cb4-99345dcb304b}</UniqueIdentifier>
    </Filter>
    <Filter Include="头文件\Http">
      <UniqueIdentifier>{592a6330-4735-44e9-9527-eadf934ff2d2}</UniqueIdentifier>
    </Filter>
    <Filter Include="源文件\test">
      <UniqueIdentifier>{767dc3a2-83dc-4128-8a81-7f556486a69a}</UniqueIdentifier>
    </Filter>
    <Filter Include="头文件\EventHandler">
      <UniqueIdentifier>{22a514ca-d42a-4a82-8948-aa878a5e4308}</UniqueIdentifier>
    </Filter>
    <Filter Include="源文件\EventHandler">
      <UniqueIdentifier>{838cefcf-d352-4fb0-9f22-7ecaddd907d9}</UniqueIdentifier>
    </Filter>
  </ItemGroup>
  <ItemGroup>
    <Text Include="ReadMe.txt" />
  </ItemGroup>
  <ItemGroup>
    <ClInclude Include="stdafx.h">
      <Filter>头文件</Filter>
    </ClInclude>
    <ClInclude Include="targetver.h">
      <Filter>头文件</Filter>
    </ClInclude>
    <ClInclude Include="Env.h">
      <Filter>头文件</Filter>
    </ClInclude>
    <ClInclude Include="SocketUtil.h">
      <Filter>头文件\Reactor</Filter>
    </ClInclude>
    <ClInclude Include="Socket.h">
      <Filter>头文件\Reactor</Filter>
    </ClInclude>
    <ClInclude Include="Epoll.h">
      <Filter>头文件\Reactor</Filter>
    </ClInclude>
    <ClInclude Include="Reactor.h">
      <Filter>头文件\Reactor</Filter>
    </ClInclude>
    <ClInclude Include="LogFile.h">
      <Filter>头文件\Log</Filter>
    </ClInclude>
    <ClInclude Include="FileUtil.h">
      <Filter>头文件\Utils</Filter>
    </ClInclude>
    <ClInclude Include="SafeQueue.h">
      <Filter>头文件\Utils</Filter>
    </ClInclude>
    <ClInclude Include="SigProcess.h">
      <Filter>头文件\Utils</Filter>
    </ClInclude>
    <ClInclude Include="SnBuffer.h">
      <Filter>头文件\Utils</Filter>
    </ClInclude>
    <ClInclude Include="ThreadPool.h">
      <Filter>头文件\Utils</Filter>
    </ClInclude>
    <ClInclude Include="TimeWheel.h">
      <Filter>头文件\Utils</Filter>
    </ClInclude>
    <ClInclude Include="Message.h">
      <Filter>头文件</Filter>
    </ClInclude>
    <ClInclude Include="Global.h">
      <Filter>头文件</Filter>
    </ClInclude>
    <ClInclude Include="MessageProcessThread.h">
      <Filter>头文件\Thread</Filter>
    </ClInclude>
    <ClInclude Include="ReadThread.h">
      <Filter>头文件\Thread</Filter>
    </ClInclude>
    <ClInclude Include="noncopyable.h">
      <Filter>头文件\Utils</Filter>
    </ClInclude>
    <ClInclude Include="TcpServer.h">
      <Filter>头文件\Server</Filter>
    </ClInclude>
    <ClInclude Include="Session.h">
      <Filter>头文件\Reactor</Filter>
    </ClInclude>
    <ClInclude Include="Time.h">
      <Filter>头文件\Utils</Filter>
    </ClInclude>
    <ClInclude Include="HttpRequst.h">
      <Filter>头文件\Http</Filter>
    </ClInclude>
    <ClInclude Include="HttpParser.h">
      <Filter>头文件\Http</Filter>
    </ClInclude>
    <ClInclude Include="HttpResponse.h">
      <Filter>头文件\Http</Filter>
    </ClInclude>
    <ClInclude Include="TreadRAII.h">
      <Filter>头文件\Utils</Filter>
    </ClInclude>
    <ClInclude Include="TimeEvent.h">
      <Filter>头文件\Reactor</Filter>
    </ClInclude>
    <ClInclude Include="AsyncLog.h">
      <Filter>头文件\Log</Filter>
    </ClInclude>
    <ClInclude Include="DoubleBufferedQueue.h">
      <Filter>头文件\Utils</Filter>
    </ClInclude>
    <ClInclude Include="LinkList.h">
      <Filter>头文件\Utils</Filter>
    </ClInclude>
    <ClInclude Include="inifile.h">
      <Filter>头文件\Utils</Filter>
    </ClInclude>
    <ClInclude Include="Connector.h">
      <Filter>头文件</Filter>
    </ClInclude>
    <ClInclude Include="ThreadLocalManager.h">
      <Filter>头文件\Thread</Filter>
    </ClInclude>
    <ClInclude Include="AcceptHandler.h">
      <Filter>头文件\EventHandler</Filter>
    </ClInclude>
    <ClInclude Include="EventHandler.h">
      <Filter>头文件\EventHandler</Filter>
    </ClInclude>
    <ClInclude Include="NormalHandler.h">
      <Filter>头文件\EventHandler</Filter>
    </ClInclude>
    <ClInclude Include="TimeHandler.h">
      <Filter>头文件\EventHandler</Filter>
    </ClInclude>
    <ClInclude Include="HttpHandler.h">
      <Filter>头文件\EventHandler</Filter>
    </ClInclude>
  </ItemGroup>
  <ItemGroup>
    <ClCompile Include="stdafx.cpp">
      <Filter>源文件</Filter>
    </ClCompile>
    <ClCompile Include="SnServer.cpp">
      <Filter>源文件</Filter>
    </ClCompile>
    <ClCompile Include="Epoll.cpp">
      <Filter>源文件\Reactor</Filter>
    </ClCompile>
    <ClCompile Include="Reactor.cpp">
      <Filter>源文件\Reactor</Filter>
    </ClCompile>
    <ClCompile Include="SocketUtil.cpp">
      <Filter>源文件\Reactor</Filter>
    </ClCompile>
    <ClCompile Include="LogFile.cpp">
      <Filter>源文件\Log</Filter>
    </ClCompile>
    <ClCompile Include="TcpServer.cpp">
      <Filter>源文件\Server</Filter>
    </ClCompile>
    <ClCompile Include="FileUtil.cpp">
      <Filter>源文件\Utils</Filter>
    </ClCompile>
    <ClCompile Include="SigProcess.cpp">
      <Filter>源文件\Utils</Filter>
    </ClCompile>
    <ClCompile Include="Global.cpp">
      <Filter>源文件</Filter>
    </ClCompile>
    <ClCompile Include="MessageProcessThread.cpp">
      <Filter>源文件\Thread</Filter>
    </ClCompile>
    <ClCompile Include="ReadThread.cpp">
      <Filter>源文件\Thread</Filter>
    </ClCompile>
    <ClCompile Include="Session.cpp">
      <Filter>源文件\Reactor</Filter>
    </ClCompile>
    <ClCompile Include="HttpParser.cpp">
      <Filter>源文件</Filter>
    </ClCompile>
    <ClCompile Include="TimeWheel.cpp">
      <Filter>源文件\Utils</Filter>
    </ClCompile>
    <ClCompile Include="TimeEvent.cpp">
      <Filter>源文件\Reactor</Filter>
    </ClCompile>
    <ClCompile Include="AsyncLog.cpp">
      <Filter>源文件\Log</Filter>
    </ClCompile>
    <ClCompile Include="test\HttpParserTest.cpp">
      <Filter>源文件\test</Filter>
    </ClCompile>
    <ClCompile Include="test\main.cpp">
      <Filter>源文件\test</Filter>
    </ClCompile>
    <ClCompile Include="inifile.cpp">
      <Filter>源文件\Utils</Filter>
    </ClCompile>
    <ClCompile Include="NormalHandler.cpp">
      <Filter>源文件\EventHandler</Filter>
    </ClCompile>
    <ClCompile Include="HttpHandler.cpp">
      <Filter>源文件\EventHandler</Filter>
    </ClCompile>
    <ClCompile Include="TimeHandler.cpp">
      <Filter>源文件\EventHandler</Filter>
    </ClCompile>
  </ItemGroup>
</Project>